
Microsoft Visual Studio Solution File, Format Version 12.00
# Visual Studio Version 17
VisualStudioVersion = 17.2.32616.157
MinimumVisualStudioVersion = 10.0.40219.1
Project("{8BC9CEB8-8B4A-11D0-8D11-00A0C91BC942}") = "IntroductionToOOP", "ntroductionToOOP\ntroductionToOOP.vcxproj", "{315CA976-098F-4D83-BF5D-30940C23D855}"
EndProject
Project("{8BC9CEB8-8B4A-11D0-8D11-00A0C91BC942}") = "Fraction", "Fraction\Fraction.vcxproj", "{36955F6D-C601-4845-8A52-93E1B1B41CDA}"
EndProject
Project("{8BC9CEB8-8B4A-11D0-8D11-00A0C91BC942}") = "New_Fraction", "New_Fraction\New_Fraction.vcxproj", "{38D96A10-8A5E-41E9-94D6-AA410730180E}"
EndProject
Project("{8BC9CEB8-8B4A-11D0-8D11-00A0C91BC942}") = "Project1", "Project1\Project1.vcxproj", "{6FC94807-F82C-450D-BC18-0E5D49CB1C0C}"
EndProject
Global
	GlobalSection(SolutionConfigurationPlatforms) = preSolution
		Debug|x64 = Debug|x64
		Debug|x86 = Debug|x86
		Release|x64 = Release|x64
		Release|x86 = Release|x86
	EndGlobalSection
	GlobalSection(ProjectConfigurationPlatforms) = postSolution
		{315CA976-098F-4D83-BF5D-30940C23D855}.Debug|x64.ActiveCfg = Debug|x64
		{315CA976-098F-4D83-BF5D-30940C23D855}.Debug|x64.Build.0 = Debug|x64
		{315CA976-098F-4D83-BF5D-30940C23D855}.Debug|x86.ActiveCfg = Debug|Win32
		{315CA976-098F-4D83-BF5D-30940C23D855}.Debug|x86.Build.0 = Debug|Win32
		{315CA976-098F-4D83-BF5D-30940C23D855}.Release|x64.ActiveCfg = Release|x64
		{315CA976-098F-4D83-BF5D-30940C23D855}.Release|x64.Build.0 = Release|x64
		{315CA976-098F-4D83-BF5D-30940C23D855}.Release|x86.ActiveCfg = Release|Win32
		{315CA976-098F-4D83-BF5D-30940C23D855}.Release|x86.Build.0 = Release|Win32
		{36955F6D-C601-4845-8A52-93E1B1B41CDA}.Debug|x64.ActiveCfg = Debug|x64
		{36955F6D-C601-4845-8A52-93E1B1B41CDA}.Debug|x64.Build.0 = Debug|x64
		{36955F6D-C601-4845-8A52-93E1B1B41CDA}.Debug|x86.ActiveCfg = Debug|Win32
		{36955F6D-C601-4845-8A52-93E1B1B41CDA}.Debug|x86.Build.0 = Debug|Win32
		{36955F6D-C601-4845-8A52-93E1B1B41CDA}.Release|x64.ActiveCfg = Release|x64
		{36955F6D-C601-4845-8A52-93E1B1B41CDA}.Release|x64.Build.0 = Release|x64
		{36955F6D-C601-4845-8A52-93E1B1B41CDA}.Release|x86.ActiveCfg = Release|Win32
		{36955F6D-C601-4845-8A52-93E1B1B41CDA}.Release|x86.Build.0 = Release|Win32
		{38D96A10-8A5E-41E9-94D6-AA410730180E}.Debug|x64.ActiveCfg = Debug|x64
		{38D96A10-8A5E-41E9-94D6-AA410730180E}.Debug|x64.Build.0 = Debug|x64
		{38D96A10-8A5E-41E9-94D6-AA410730180E}.Debug|x86.ActiveCfg = Debug|Win32
		{38D96A10-8A5E-41E9-94D6-AA410730180E}.Debug|x86.Build.0 = Debug|Win32
		{38D96A10-8A5E-41E9-94D6-AA410730180E}.Release|x64.ActiveCfg = Release|x64
		{38D96A10-8A5E-41E9-94D6-AA410730180E}.Release|x64.Build.0 = Release|x64
		{38D96A10-8A5E-41E9-94D6-AA410730180E}.Release|x86.ActiveCfg = Release|Win32
		{38D96A10-8A5E-41E9-94D6-AA410730180E}.Release|x86.Build.0 = Release|Win32
		{6FC94807-F82C-450D-BC18-0E5D49CB1C0C}.Debug|x64.ActiveCfg = Debug|x64
		{6FC94807-F82C-450D-BC18-0E5D49CB1C0C}.Debug|x64.Build.0 = Debug|x64
		{6FC94807-F82C-450D-BC18-0E5D49CB1C0C}.Debug|x86.ActiveCfg = Debug|Win32
		{6FC94807-F82C-450D-BC18-0E5D49CB1C0C}.Debug|x86.Build.0 = Debug|Win32
		{6FC94807-F82C-450D-BC18-0E5D49CB1C0C}.Release|x64.ActiveCfg = Release|x64
		{6FC94807-F82C-450D-BC18-0E5D49CB1C0C}.Release|x64.Build.0 = Release|x64
		{6FC94807-F82C-450D-BC18-0E5D49CB1C0C}.Release|x86.ActiveCfg = Release|Win32
		{6FC94807-F82C-450D-BC18-0E5D49CB1C0C}.Release|x86.Build.0 = Release|Win32
	EndGlobalSection
	GlobalSection(SolutionProperties) = preSolution
		HideSolutionNode = FALSE
	EndGlobalSection
	GlobalSection(ExtensibilityGlobals) = postSolution
		SolutionGuid = {997CC01B-D197-41DB-8358-07A3F32C47E3}
	EndGlobalSection
EndGlobal
